// !$*UTF8*$!
{
	archiveVersion = 1;
	classes = {
	};
	objectVersion = 46;
	objects = {

/* Begin PBXBuildFile section */
		A453FBBD1E8376890072F0C0 /* AppDelegate.swift in Sources */ = {isa = PBXBuildFile; fileRef = A453FBBC1E8376890072F0C0 /* AppDelegate.swift */; };
		A453FBC21E8376890072F0C0 /* Main.storyboard in Resources */ = {isa = PBXBuildFile; fileRef = A453FBC01E8376890072F0C0 /* Main.storyboard */; };
		A453FBC41E8376890072F0C0 /* Assets.xcassets in Resources */ = {isa = PBXBuildFile; fileRef = A453FBC31E8376890072F0C0 /* Assets.xcassets */; };
		A453FBC71E8376890072F0C0 /* LaunchScreen.storyboard in Resources */ = {isa = PBXBuildFile; fileRef = A453FBC51E8376890072F0C0 /* LaunchScreen.storyboard */; };
		A4E2ACA61E8428980010F1DA /* Home.storyboard in Resources */ = {isa = PBXBuildFile; fileRef = A4E2ACA41E8428980010F1DA /* Home.storyboard */; };
		A4E2ACA81E84294F0010F1DA /* Live.storyboard in Resources */ = {isa = PBXBuildFile; fileRef = A4E2ACA71E84294F0010F1DA /* Live.storyboard */; };
		A4E2ACAB1E8429670010F1DA /* Follow.storyboard in Resources */ = {isa = PBXBuildFile; fileRef = A4E2ACA91E8429670010F1DA /* Follow.storyboard */; };
		A4E2ACAD1E84298B0010F1DA /* Discovery.storyboard in Resources */ = {isa = PBXBuildFile; fileRef = A4E2ACAC1E84298B0010F1DA /* Discovery.storyboard */; };
		A4E2ACB01E8429A90010F1DA /* Profile.storyboard in Resources */ = {isa = PBXBuildFile; fileRef = A4E2ACAE1E8429A90010F1DA /* Profile.storyboard */; };
		A4E938721E85147E00BC66D8 /* MainViewController.swift in Sources */ = {isa = PBXBuildFile; fileRef = A4E9386F1E85147E00BC66D8 /* MainViewController.swift */; };
		A4E938741E8514AF00BC66D8 /* HomeViewController.swift in Sources */ = {isa = PBXBuildFile; fileRef = A4E938731E8514AF00BC66D8 /* HomeViewController.swift */; };
/* End PBXBuildFile section */

/* Begin PBXFileReference section */
		A453FBB91E8376890072F0C0 /* ZhiBo.app */ = {isa = PBXFileReference; explicitFileType = wrapper.application; includeInIndex = 0; path = ZhiBo.app; sourceTree = BUILT_PRODUCTS_DIR; };
		A453FBBC1E8376890072F0C0 /* AppDelegate.swift */ = {isa = PBXFileReference; lastKnownFileType = sourcecode.swift; path = AppDelegate.swift; sourceTree = "<group>"; };
		A453FBC11E8376890072F0C0 /* Base */ = {isa = PBXFileReference; lastKnownFileType = file.storyboard; name = Base; path = Base.lproj/Main.storyboard; sourceTree = "<group>"; };
		A453FBC31E8376890072F0C0 /* Assets.xcassets */ = {isa = PBXFileReference; lastKnownFileType = folder.assetcatalog; path = Assets.xcassets; sourceTree = "<group>"; };
		A453FBC61E8376890072F0C0 /* Base */ = {isa = PBXFileReference; lastKnownFileType = file.storyboard; name = Base; path = Base.lproj/LaunchScreen.storyboard; sourceTree = "<group>"; };
		A453FBC81E8376890072F0C0 /* Info.plist */ = {isa = PBXFileReference; lastKnownFileType = text.plist.xml; path = Info.plist; sourceTree = "<group>"; };
		A4E2ACA51E8428980010F1DA /* Base */ = {isa = PBXFileReference; lastKnownFileType = file.storyboard; name = Base; path = ZhiBo/Base.lproj/Home.storyboard; sourceTree = SOURCE_ROOT; };
		A4E2ACA71E84294F0010F1DA /* Live.storyboard */ = {isa = PBXFileReference; fileEncoding = 4; lastKnownFileType = file.storyboard; name = Live.storyboard; path = ../Main/Live.storyboard; sourceTree = "<group>"; };
		A4E2ACAA1E8429670010F1DA /* Base */ = {isa = PBXFileReference; lastKnownFileType = file.storyboard; name = Base; path = ZhiBo/Base.lproj/Follow.storyboard; sourceTree = SOURCE_ROOT; };
		A4E2ACAC1E84298B0010F1DA /* Discovery.storyboard */ = {isa = PBXFileReference; fileEncoding = 4; lastKnownFileType = file.storyboard; name = Discovery.storyboard; path = ../Main/Discovery.storyboard; sourceTree = "<group>"; };
		A4E2ACAF1E8429A90010F1DA /* Base */ = {isa = PBXFileReference; lastKnownFileType = file.storyboard; name = Base; path = ZhiBo/Base.lproj/Profile.storyboard; sourceTree = SOURCE_ROOT; };
		A4E9386F1E85147E00BC66D8 /* MainViewController.swift */ = {isa = PBXFileReference; fileEncoding = 4; lastKnownFileType = sourcecode.swift; path = MainViewController.swift; sourceTree = "<group>"; };
		A4E938731E8514AF00BC66D8 /* HomeViewController.swift */ = {isa = PBXFileReference; fileEncoding = 4; lastKnownFileType = sourcecode.swift; path = HomeViewController.swift; sourceTree = "<group>"; };
/* End PBXFileReference section */

/* Begin PBXFrameworksBuildPhase section */
		A453FBB61E8376890072F0C0 /* Frameworks */ = {
			isa = PBXFrameworksBuildPhase;
			buildActionMask = 2147483647;
			files = (
			);
			runOnlyForDeploymentPostprocessing = 0;
		};
/* End PBXFrameworksBuildPhase section */

/* Begin PBXGroup section */
		A453FBB01E8376890072F0C0 = {
			isa = PBXGroup;
			children = (
				A453FBBB1E8376890072F0C0 /* ZhiBo */,
				A453FBBA1E8376890072F0C0 /* Products */,
			);
			sourceTree = "<group>";
		};
		A453FBBA1E8376890072F0C0 /* Products */ = {
			isa = PBXGroup;
			children = (
				A453FBB91E8376890072F0C0 /* ZhiBo.app */,
			);
			name = Products;
			sourceTree = "<group>";
		};
		A453FBBB1E8376890072F0C0 /* ZhiBo */ = {
			isa = PBXGroup;
			children = (
				A4E2AC9D1E841F270010F1DA /* Classes */,
				A453FBBC1E8376890072F0C0 /* AppDelegate.swift */,
				A453FBC31E8376890072F0C0 /* Assets.xcassets */,
				A453FBC51E8376890072F0C0 /* LaunchScreen.storyboard */,
				A453FBC81E8376890072F0C0 /* Info.plist */,
			);
			path = ZhiBo;
			sourceTree = "<group>";
		};
		A4E2AC9D1E841F270010F1DA /* Classes */ = {
			isa = PBXGroup;
			children = (
				A4E2ACA11E841F270010F1DA /* Main */,
				A4E2AC9F1E841F270010F1DA /* Home */,
				A4E2ACA01E841F270010F1DA /* Live */,
				A4E2AC9E1E841F270010F1DA /* Follow */,
				A4E2ACB11E8429E10010F1DA /* Discovery */,
				A4E2ACA21E841F270010F1DA /* Profile */,
				A4E2ACA31E841F270010F1DA /* Tools */,
			);
			path = Classes;
			sourceTree = "<group>";
		};
		A4E2AC9E1E841F270010F1DA /* Follow */ = {
			isa = PBXGroup;
			children = (
				A4E2ACA91E8429670010F1DA /* Follow.storyboard */,
			);
			path = Follow;
			sourceTree = "<group>";
		};
		A4E2AC9F1E841F270010F1DA /* Home */ = {
			isa = PBXGroup;
			children = (
				A4E9386B1E85142500BC66D8 /* Controller */,
				A4E9386C1E85142500BC66D8 /* Model */,
				A4E9386D1E85142500BC66D8 /* View */,
			);
			path = Home;
			sourceTree = "<group>";
		};
		A4E2ACA01E841F270010F1DA /* Live */ = {
			isa = PBXGroup;
			children = (
				A4E2ACA71E84294F0010F1DA /* Live.storyboard */,
			);
			path = Live;
			sourceTree = "<group>";
		};
		A4E2ACA11E841F270010F1DA /* Main */ = {
			isa = PBXGroup;
			children = (
				A4E9386E1E85147E00BC66D8 /* Controller */,
				A4E938701E85147E00BC66D8 /* Model */,
				A4E938711E85147E00BC66D8 /* View */,
			);
			path = Main;
			sourceTree = "<group>";
		};
		A4E2ACA21E841F270010F1DA /* Profile */ = {
			isa = PBXGroup;
			children = (
				A4E2ACAE1E8429A90010F1DA /* Profile.storyboard */,
			);
			path = Profile;
			sourceTree = "<group>";
		};
		A4E2ACA31E841F270010F1DA /* Tools */ = {
			isa = PBXGroup;
			children = (
			);
			path = Tools;
			sourceTree = "<group>";
		};
		A4E2ACB11E8429E10010F1DA /* Discovery */ = {
			isa = PBXGroup;
			children = (
				A4E2ACAC1E84298B0010F1DA /* Discovery.storyboard */,
			);
			path = Discovery;
			sourceTree = "<group>";
		};
		A4E9386B1E85142500BC66D8 /* Controller */ = {
			isa = PBXGroup;
			children = (
				A4E2ACA41E8428980010F1DA /* Home.storyboard */,
				A4E938731E8514AF00BC66D8 /* HomeViewController.swift */,
			);
			path = Controller;
			sourceTree = "<group>";
		};
		A4E9386C1E85142500BC66D8 /* Model */ = {
			isa = PBXGroup;
			children = (
			);
			path = Model;
			sourceTree = "<group>";
		};
		A4E9386D1E85142500BC66D8 /* View */ = {
			isa = PBXGroup;
			children = (
			);
			path = View;
			sourceTree = "<group>";
		};
		A4E9386E1E85147E00BC66D8 /* Controller */ = {
			isa = PBXGroup;
			children = (
				A453FBC01E8376890072F0C0 /* Main.storyboard */,
				A4E9386F1E85147E00BC66D8 /* MainViewController.swift */,
			);
			path = Controller;
			sourceTree = "<group>";
		};
		A4E938701E85147E00BC66D8 /* Model */ = {
			isa = PBXGroup;
			children = (
			);
			path = Model;
			sourceTree = "<group>";
		};
		A4E938711E85147E00BC66D8 /* View */ = {
			isa = PBXGroup;
			children = (
			);
			path = View;
			sourceTree = "<group>";
		};
/* End PBXGroup section */

/* Begin PBXNativeTarget section */
		A453FBB81E8376890072F0C0 /* ZhiBo */ = {
			isa = PBXNativeTarget;
			buildConfigurationList = A453FBCB1E8376890072F0C0 /* Build configuration list for PBXNativeTarget "ZhiBo" */;
			buildPhases = (
				A453FBB51E8376890072F0C0 /* Sources */,
				A453FBB61E8376890072F0C0 /* Frameworks */,
				A453FBB71E8376890072F0C0 /* Resources */,
			);
			buildRules = (
			);
			dependencies = (
			);
			name = ZhiBo;
			productName = ZhiBo;
			productReference = A453FBB91E8376890072F0C0 /* ZhiBo.app */;
			productType = "com.apple.product-type.application";
		};
/* End PBXNativeTarget section */

/* Begin PBXProject section */
		A453FBB11E8376890072F0C0 /* Project object */ = {
			isa = PBXProject;
			attributes = {
				LastSwiftUpdateCheck = 0820;
				LastUpgradeCheck = 0820;
				ORGANIZATIONNAME = HanYang;
				TargetAttributes = {
					A453FBB81E8376890072F0C0 = {
						CreatedOnToolsVersion = 8.2.1;
						DevelopmentTeam = 7A29GX6D45;
						ProvisioningStyle = Automatic;
					};
				};
			};
			buildConfigurationList = A453FBB41E8376890072F0C0 /* Build configuration list for PBXProject "ZhiBo" */;
			compatibilityVersion = "Xcode 3.2";
			developmentRegion = English;
			hasScannedForEncodings = 0;
			knownRegions = (
				en,
				Base,
			);
			mainGroup = A453FBB01E8376890072F0C0;
			productRefGroup = A453FBBA1E8376890072F0C0 /* Products */;
			projectDirPath = "";
			projectRoot = "";
			targets = (
				A453FBB81E8376890072F0C0 /* ZhiBo */,
			);
		};
/* End PBXProject section */

/* Begin PBXResourcesBuildPhase section */
		A453FBB71E8376890072F0C0 /* Resources */ = {
			isa = PBXResourcesBuildPhase;
			buildActionMask = 2147483647;
			files = (
				A4E2ACAD1E84298B0010F1DA /* Discovery.storyboard in Resources */,
				A453FBC71E8376890072F0C0 /* LaunchScreen.storyboard in Resources */,
				A4E2ACB01E8429A90010F1DA /* Profile.storyboard in Resources */,
				A453FBC41E8376890072F0C0 /* Assets.xcassets in Resources */,
				A453FBC21E8376890072F0C0 /* Main.storyboard in Resources */,
				A4E2ACA81E84294F0010F1DA /* Live.storyboard in Resources */,
				A4E2ACA61E8428980010F1DA /* Home.storyboard in Resources */,
				A4E2ACAB1E8429670010F1DA /* Follow.storyboard in Resources */,
			);
			runOnlyForDeploymentPostprocessing = 0;
		};
/* End PBXResourcesBuildPhase section */

/* Begin PBXSourcesBuildPhase section */
		A453FBB51E8376890072F0C0 /* Sources */ = {
			isa = PBXSourcesBuildPhase;
			buildActionMask = 2147483647;
			files = (
				A453FBBD1E8376890072F0C0 /* AppDelegate.swift in Sources */,
				A4E938721E85147E00BC66D8 /* MainViewController.swift in Sources */,
				A4E938741E8514AF00BC66D8 /* HomeViewController.swift in Sources */,
			);
			runOnlyForDeploymentPostprocessing = 0;
		};
/* End PBXSourcesBuildPhase section */

/* Begin PBXVariantGroup section */
		A453FBC01E8376890072F0C0 /* Main.storyboard */ = {
			isa = PBXVariantGroup;
			children = (
				A453FBC11E8376890072F0C0 /* Base */,
			);
			name = Main.storyboard;
			path = ../../..;
			sourceTree = "<group>";
		};
		A453FBC51E8376890072F0C0 /* LaunchScreen.storyboard */ = {
			isa = PBXVariantGroup;
			children = (
				A453FBC61E8376890072F0C0 /* Base */,
			);
			name = LaunchScreen.storyboard;
			sourceTree = "<group>";
		};
		A4E2ACA41E8428980010F1DA /* Home.storyboard */ = {
			isa = PBXVariantGroup;
			children = (
				A4E2ACA51E8428980010F1DA /* Base */,
			);
			name = Home.storyboard;
			path = ../../Main;
			sourceTree = "<group>";
		};
		A4E2ACA91E8429670010F1DA /* Follow.storyboard */ = {
			isa = PBXVariantGroup;
			children = (
				A4E2ACAA1E8429670010F1DA /* Base */,
			);
			name = Follow.storyboard;
			path = ../Main;
			sourceTree = "<group>";
		};
		A4E2ACAE1E8429A90010F1DA /* Profile.storyboard */ = {
			isa = PBXVariantGroup;
			children = (
				A4E2ACAF1E8429A90010F1DA /* Base */,
			);
			name = Profile.storyboard;
			path = ../Main;
			sourceTree = "<group>";
		};
/* End PBXVariantGroup section */

/* Begin XCBuildConfiguration section */
		A453FBC91E8376890072F0C0 /* Debug */ = {
			isa = XCBuildConfiguration;
			buildSettings = {
				ALWAYS_SEARCH_USER_PATHS = NO;
				CLANG_ANALYZER_NONNULL = YES;
				CLANG_CXX_LANGUAGE_STANDARD = "gnu++0x";
				CLANG_CXX_LIBRARY = "libc++";
				CLANG_ENABLE_MODULES = YES;
				CLANG_ENABLE_OBJC_ARC = YES;
				CLANG_WARN_BOOL_CONVERSION = YES;
				CLANG_WARN_CONSTANT_CONVERSION = YES;
				CLANG_WARN_DIRECT_OBJC_ISA_USAGE = YES_ERROR;
				CLANG_WARN_DOCUMENTATION_COMMENTS = YES;
				CLANG_WARN_EMPTY_BODY = YES;
				CLANG_WARN_ENUM_CONVERSION = YES;
				CLANG_WARN_INFINITE_RECURSION = YES;
				CLANG_WARN_INT_CONVERSION = YES;
				CLANG_WARN_OBJC_ROOT_CLASS = YES_ERROR;
				CLANG_WARN_SUSPICIOUS_MOVE = YES;
				CLANG_WARN_UNREACHABLE_CODE = YES;
				CLANG_WARN__DUPLICATE_METHOD_MATCH = YES;
				"CODE_SIGN_IDENTITY[sdk=iphoneos*]" = "iPhone Developer";
				COPY_PHASE_STRIP = NO;
				DEBUG_INFORMATION_FORMAT = dwarf;
				ENABLE_STRICT_OBJC_MSGSEND = YES;
				ENABLE_TESTABILITY = YES;
				GCC_C_LANGUAGE_STANDARD = gnu99;
				GCC_DYNAMIC_NO_PIC = NO;
				GCC_NO_COMMON_BLOCKS = YES;
				GCC_OPTIMIZATION_LEVEL = 0;
				GCC_PREPROCESSOR_DEFINITIONS = (
					"DEBUG=1",
					"$(inherited)",
				);
				GCC_WARN_64_TO_32_BIT_CONVERSION = YES;
				GCC_WARN_ABOUT_RETURN_TYPE = YES_ERROR;
				GCC_WARN_UNDECLARED_SELECTOR = YES;
				GCC_WARN_UNINITIALIZED_AUTOS = YES_AGGRESSIVE;
				GCC_WARN_UNUSED_FUNCTION = YES;
				GCC_WARN_UNUSED_VARIABLE = YES;
				IPHONEOS_DEPLOYMENT_TARGET = 10.2;
				MTL_ENABLE_DEBUG_INFO = YES;
				ONLY_ACTIVE_ARCH = YES;
				SDKROOT = iphoneos;
				SWIFT_ACTIVE_COMPILATION_CONDITIONS = DEBUG;
				SWIFT_OPTIMIZATION_LEVEL = "-Onone";
			};
			name = Debug;
		};
		A453FBCA1E8376890072F0C0 /* Release */ = {
			isa = XCBuildConfiguration;
			buildSettings = {
				ALWAYS_SEARCH_USER_PATHS = NO;
				CLANG_ANALYZER_NONNULL = YES;
				CLANG_CXX_LANGUAGE_STANDARD = "gnu++0x";
				CLANG_CXX_LIBRARY = "libc++";
				CLANG_ENABLE_MODULES = YES;
				CLANG_ENABLE_OBJC_ARC = YES;
				CLANG_WARN_BOOL_CONVERSION = YES;
				CLANG_WARN_CONSTANT_CONVERSION = YES;
				CLANG_WARN_DIRECT_OBJC_ISA_USAGE = YES_ERROR;
				CLANG_WARN_DOCUMENTATION_COMMENTS = YES;
				CLANG_WARN_EMPTY_BODY = YES;
				CLANG_WARN_ENUM_CONVERSION = YES;
				CLANG_WARN_INFINITE_RECURSION = YES;
				CLANG_WARN_INT_CONVERSION = YES;
				CLANG_WARN_OBJC_ROOT_CLASS = YES_ERROR;
				CLANG_WARN_SUSPICIOUS_MOVE = YES;
				CLANG_WARN_UNREACHABLE_CODE = YES;
				CLANG_WARN__DUPLICATE_METHOD_MATCH = YES;
				"CODE_SIGN_IDENTITY[sdk=iphoneos*]" = "iPhone Developer";
				COPY_PHASE_STRIP = NO;
				DEBUG_INFORMATION_FORMAT = "dwarf-with-dsym";
				ENABLE_NS_ASSERTIONS = NO;
				ENABLE_STRICT_OBJC_MSGSEND = YES;
				GCC_C_LANGUAGE_STANDARD = gnu99;
				GCC_NO_COMMON_BLOCKS = YES;
				GCC_WARN_64_TO_32_BIT_CONVERSION = YES;
				GCC_WARN_ABOUT_RETURN_TYPE = YES_ERROR;
				GCC_WARN_UNDECLARED_SELECTOR = YES;
				GCC_WARN_UNINITIALIZED_AUTOS = YES_AGGRESSIVE;
				GCC_WARN_UNUSED_FUNCTION = YES;
				GCC_WARN_UNUSED_VARIABLE = YES;
				IPHONEOS_DEPLOYMENT_TARGET = 10.2;
				MTL_ENABLE_DEBUG_INFO = NO;
				SDKROOT = iphoneos;
				SWIFT_OPTIMIZATION_LEVEL = "-Owholemodule";
				VALIDATE_PRODUCT = YES;
			};
			name = Release;
		};
		A453FBCC1E8376890072F0C0 /* Debug */ = {
			isa = XCBuildConfiguration;
			buildSettings = {
				ASSETCATALOG_COMPILER_APPICON_NAME = AppIcon;
				ASSETCATALOG_COMPILER_LAUNCHIMAGE_NAME = LaunchImage;
				DEVELOPMENT_TEAM = 7A29GX6D45;
				INFOPLIST_FILE = ZhiBo/Info.plist;
				LD_RUNPATH_SEARCH_PATHS = "$(inherited) @executable_path/Frameworks";
				PRODUCT_BUNDLE_IDENTIFIER = com.HY.ZhiBo;
				PRODUCT_NAME = "$(TARGET_NAME)";
				SWIFT_VERSION = 3.0;
			};
			name = Debug;
		};
		A453FBCD1E8376890072F0C0 /* Release */ = {
			isa = XCBuildConfiguration;
			buildSettings = {
				ASSETCATALOG_COMPILER_APPICON_NAME = AppIcon;
				ASSETCATALOG_COMPILER_LAUNCHIMAGE_NAME = LaunchImage;
				DEVELOPMENT_TEAM = 7A29GX6D45;
				INFOPLIST_FILE = ZhiBo/Info.plist;
				LD_RUNPATH_SEARCH_PATHS = "$(inherited) @executable_path/Frameworks";
				PRODUCT_BUNDLE_IDENTIFIER = com.HY.ZhiBo;
				PRODUCT_NAME = "$(TARGET_NAME)";
				SWIFT_VERSION = 3.0;
			};
			name = Release;
		};
/* End XCBuildConfiguration section */

/* Begin XCConfigurationList section */
		A453FBB41E8376890072F0C0 /* Build configuration list for PBXProject "ZhiBo" */ = {
			isa = XCConfigurationList;
			buildConfigurations = (
				A453FBC91E8376890072F0C0 /* Debug */,
				A453FBCA1E8376890072F0C0 /* Release */,
			);
			defaultConfigurationIsVisible = 0;
			defaultConfigurationName = Release;
		};
		A453FBCB1E8376890072F0C0 /* Build configuration list for PBXNativeTarget "ZhiBo" */ = {
			isa = XCConfigurationList;
			buildConfigurations = (
				A453FBCC1E8376890072F0C0 /* Debug */,
				A453FBCD1E8376890072F0C0 /* Release */,
			);
			defaultConfigurationIsVisible = 0;
			defaultConfigurationName = Release;
		};
/* End XCConfigurationList section */
	};
	rootObject = A453FBB11E8376890072F0C0 /* Project object */;
}
